
Microsoft Visual Studio Solution File, Format Version 12.00
# Visual Studio Version 17
VisualStudioVersion = 17.1.32210.238
MinimumVisualStudioVersion = 10.0.40219.1
Project("{FAE04EC0-301F-11D3-BF4B-00C04F79EFBC}") = "MinimalAPI", "MinimalAPI.csproj", "{0A625DF3-4E44-495C-8B33-EDD481B8DD2F}"
EndProject
Global
	GlobalSection(SolutionConfigurationPlatforms) = preSolution
		Debug|Any CPU = Debug|Any CPU
		Release|Any CPU = Release|Any CPU
	EndGlobalSection
	GlobalSection(ProjectConfigurationPlatforms) = postSolution
		{0A625DF3-4E44-495C-8B33-EDD481B8DD2F}.Debug|Any CPU.ActiveCfg = Debug|Any CPU
		{0A625DF3-4E44-495C-8B33-EDD481B8DD2F}.Debug|Any CPU.Build.0 = Debug|Any CPU
		{0A625DF3-4E44-495C-8B33-EDD481B8DD2F}.Release|Any CPU.ActiveCfg = Release|Any CPU
		{0A625DF3-4E44-495C-8B33-EDD481B8DD2F}.Release|Any CPU.Build.0 = Release|Any CPU
	EndGlobalSection
	GlobalSection(SolutionProperties) = preSolution
		HideSolutionNode = FALSE
	EndGlobalSection
	GlobalSection(ExtensibilityGlobals) = postSolution
		SolutionGuid = {3FE0C3D3-1181-4851-B486-15249D2CF2C6}
	EndGlobalSection
EndGlobal
